{
  "name": "business-cards",
  "lockfileVersion": 3,
  "requires": true,
  "packages": {
    "": {
      "dependencies": {
        "vcard-creator": "^0.6.0"
      }
    },
    "node_modules/vcard-creator": {
      "version": "0.6.0",
      "resolved": "https://registry.npmjs.org/vcard-creator/-/vcard-creator-0.6.0.tgz",
      "integrity": "sha512-X++vIvcdydbsf+5eLMzS/xRmDQ+cQmceqSJCTBdMNQUzZfYjiiksyuwraWxqJ4N94ZzQoCbqhZ20XN9wXYJ3jg=="
    }
  }
}
